
Microsoft Visual Studio Solution File, Format Version 12.00
# Visual Studio Version 17
VisualStudioVersion = 17.11.35312.102
MinimumVisualStudioVersion = 10.0.40219.1
Project("{FAE04EC0-301F-11D3-BF4B-00C04F79EFBC}") = "Trier_3", "Trier_3\Trier_3.csproj", "{D89D8F16-3D9E-4834-9A38-2F90C040C7C0}"
EndProject
Global
	GlobalSection(SolutionConfigurationPlatforms) = preSolution
		Debug|Any CPU = Debug|Any CPU
		Release|Any CPU = Release|Any CPU
	EndGlobalSection
	GlobalSection(ProjectConfigurationPlatforms) = postSolution
		{D89D8F16-3D9E-4834-9A38-2F90C040C7C0}.Debug|Any CPU.ActiveCfg = Debug|Any CPU
		{D89D8F16-3D9E-4834-9A38-2F90C040C7C0}.Debug|Any CPU.Build.0 = Debug|Any CPU
		{D89D8F16-3D9E-4834-9A38-2F90C040C7C0}.Release|Any CPU.ActiveCfg = Release|Any CPU
		{D89D8F16-3D9E-4834-9A38-2F90C040C7C0}.Release|Any CPU.Build.0 = Release|Any CPU
	EndGlobalSection
	GlobalSection(SolutionProperties) = preSolution
		HideSolutionNode = FALSE
	EndGlobalSection
	GlobalSection(ExtensibilityGlobals) = postSolution
		SolutionGuid = {36271A94-378C-41FA-9C08-940A4DAECCF6}
	EndGlobalSection
EndGlobal
